
Microsoft Visual Studio Solution File, Format Version 12.00
# Visual Studio Version 17
VisualStudioVersion = 17.4.33213.308
MinimumVisualStudioVersion = 10.0.40219.1
Project("{FAE04EC0-301F-11D3-BF4B-00C04F79EFBC}") = "WebApplication5", "WebApplication5\WebApplication5.csproj", "{7CCBB5DB-3CDA-4E68-B0FC-7C481315C0C1}"
EndProject
Global
	GlobalSection(SolutionConfigurationPlatforms) = preSolution
		Debug|Any CPU = Debug|Any CPU
		Release|Any CPU = Release|Any CPU
	EndGlobalSection
	GlobalSection(ProjectConfigurationPlatforms) = postSolution
		{7CCBB5DB-3CDA-4E68-B0FC-7C481315C0C1}.Debug|Any CPU.ActiveCfg = Debug|Any CPU
		{7CCBB5DB-3CDA-4E68-B0FC-7C481315C0C1}.Debug|Any CPU.Build.0 = Debug|Any CPU
		{7CCBB5DB-3CDA-4E68-B0FC-7C481315C0C1}.Release|Any CPU.ActiveCfg = Release|Any CPU
		{7CCBB5DB-3CDA-4E68-B0FC-7C481315C0C1}.Release|Any CPU.Build.0 = Release|Any CPU
	EndGlobalSection
	GlobalSection(SolutionProperties) = preSolution
		HideSolutionNode = FALSE
	EndGlobalSection
	GlobalSection(ExtensibilityGlobals) = postSolution
		SolutionGuid = {2FE1A0EA-3481-4B63-BAA7-558BBCBEBCEE}
	EndGlobalSection
EndGlobal
